<?xml version="1.0" encoding="utf-8"?>
<Project ToolsVersion="4.0" xmlns="http://schemas.microsoft.com/developer/msbuild/2003">
  <ItemGroup>
    <Filter Include="Sources">
      <UniqueIdentifier>{aed6bbaf-ac0c-45e8-bd52-f3164646e25d}</UniqueIdentifier>
    </Filter>
    <Filter Include="Headers">
      <UniqueIdentifier>{05d271c8-1f40-40d8-95bb-e152a85b1a69}</UniqueIdentifier>
    </Filter>
  </ItemGroup>
  <ItemGroup>
    <ClInclude Include="..\inc\DeformableObject.h">
      <Filter>Headers</Filter>
    </ClInclude>
    <ClInclude Include="..\inc\GeneralConfig.h">
      <Filter>Headers</Filter>
    </ClInclude>
    <ClInclude Include="..\inc\GLWindow.h">
      <Filter>Headers</Filter>
    </ClInclude>
    <ClInclude Include="..\inc\Integrator.h">
      <Filter>Headers</Filter>
    </ClInclude>
    <ClInclude Include="..\inc\Node.h">
      <Filter>Headers</Filter>
    </ClInclude>
    <ClInclude Include="..\inc\RigidSphere.h">
      <Filter>Headers</Filter>
    </ClInclude>
    <ClInclude Include="..\inc\zpr.h">
      <Filter>Headers</Filter>
    </ClInclude>
  </ItemGroup>
  <ItemGroup>
    <ClCompile Include="..\src\DeformableObject.cpp">
      <Filter>Sources</Filter>
    </ClCompile>
    <ClCompile Include="..\src\GLWindow.cpp">
      <Filter>Sources</Filter>
    </ClCompile>
    <ClCompile Include="..\src\Integrator.cpp">
      <Filter>Sources</Filter>
    </ClCompile>
    <ClCompile Include="..\src\Node.cpp">
      <Filter>Sources</Filter>
    </ClCompile>
    <ClCompile Include="..\src\RigidSphere.cpp">
      <Filter>Sources</Filter>
    </ClCompile>
    <ClCompile Include="..\src\zpr.c">
      <Filter>Sources</Filter>
    </ClCompile>
  </ItemGroup>
</Project>